
Microsoft Visual Studio Solution File, Format Version 12.00
# Visual Studio Version 17
VisualStudioVersion = 17.12.35527.113 d17.12
MinimumVisualStudioVersion = 10.0.40219.1
Project("{2150E333-8FDC-42A3-9474-1A3956D46DE8}") = "Services", "Services", "{442F46C6-D19E-46C3-8B04-6272E9FCFD31}"
EndProject
Project("{2150E333-8FDC-42A3-9474-1A3956D46DE8}") = "WebApps", "WebApps", "{4C7AF4BD-36C4-4B76-83D4-7D0C23E4324B}"
EndProject
Project("{2150E333-8FDC-42A3-9474-1A3956D46DE8}") = "Registrations", "Registrations", "{093A294B-299E-4A09-97B9-1613877A041B}"
EndProject
Project("{2150E333-8FDC-42A3-9474-1A3956D46DE8}") = "Catalog", "Catalog", "{8C6978F6-7CD8-4EA8-93C0-D55CFBE66F89}"
EndProject
Project("{2150E333-8FDC-42A3-9474-1A3956D46DE8}") = "Core", "Core", "{33B8EF6B-BB66-4133-9EFE-66F0535E2DB5}"
EndProject
Project("{2150E333-8FDC-42A3-9474-1A3956D46DE8}") = "Fiscal", "Fiscal", "{0D1B1899-9EFC-46F8-901C-8F8C45C74E8C}"
EndProject
Project("{2150E333-8FDC-42A3-9474-1A3956D46DE8}") = "Payments", "Payments", "{706D5709-E01E-4C74-8071-B51A505F5CD7}"
EndProject
Project("{2150E333-8FDC-42A3-9474-1A3956D46DE8}") = "Sales", "Sales", "{332CB36A-82A0-43D9-A0DE-EB839623FA26}"
EndProject
Project("{FAE04EC0-301F-11D3-BF4B-00C04F79EFBC}") = "NerdStore.Catalog.Domain", "src\NerdStore.Catalog.Domain\NerdStore.Catalog.Domain.csproj", "{7F15D8B5-7F25-4A9E-9DAC-16ABE615CD33}"
EndProject
Project("{FAE04EC0-301F-11D3-BF4B-00C04F79EFBC}") = "NerdStore.Core", "src\NerdStore.Core\NerdStore.Core.csproj", "{1B38E893-ECDA-4969-B94C-17559CB6D396}"
EndProject
Global
	GlobalSection(SolutionConfigurationPlatforms) = preSolution
		Debug|Any CPU = Debug|Any CPU
		Release|Any CPU = Release|Any CPU
	EndGlobalSection
	GlobalSection(ProjectConfigurationPlatforms) = postSolution
		{7F15D8B5-7F25-4A9E-9DAC-16ABE615CD33}.Debug|Any CPU.ActiveCfg = Debug|Any CPU
		{7F15D8B5-7F25-4A9E-9DAC-16ABE615CD33}.Debug|Any CPU.Build.0 = Debug|Any CPU
		{7F15D8B5-7F25-4A9E-9DAC-16ABE615CD33}.Release|Any CPU.ActiveCfg = Release|Any CPU
		{7F15D8B5-7F25-4A9E-9DAC-16ABE615CD33}.Release|Any CPU.Build.0 = Release|Any CPU
		{1B38E893-ECDA-4969-B94C-17559CB6D396}.Debug|Any CPU.ActiveCfg = Debug|Any CPU
		{1B38E893-ECDA-4969-B94C-17559CB6D396}.Debug|Any CPU.Build.0 = Debug|Any CPU
		{1B38E893-ECDA-4969-B94C-17559CB6D396}.Release|Any CPU.ActiveCfg = Release|Any CPU
		{1B38E893-ECDA-4969-B94C-17559CB6D396}.Release|Any CPU.Build.0 = Release|Any CPU
	EndGlobalSection
	GlobalSection(SolutionProperties) = preSolution
		HideSolutionNode = FALSE
	EndGlobalSection
	GlobalSection(NestedProjects) = preSolution
		{093A294B-299E-4A09-97B9-1613877A041B} = {442F46C6-D19E-46C3-8B04-6272E9FCFD31}
		{8C6978F6-7CD8-4EA8-93C0-D55CFBE66F89} = {442F46C6-D19E-46C3-8B04-6272E9FCFD31}
		{33B8EF6B-BB66-4133-9EFE-66F0535E2DB5} = {442F46C6-D19E-46C3-8B04-6272E9FCFD31}
		{0D1B1899-9EFC-46F8-901C-8F8C45C74E8C} = {442F46C6-D19E-46C3-8B04-6272E9FCFD31}
		{706D5709-E01E-4C74-8071-B51A505F5CD7} = {442F46C6-D19E-46C3-8B04-6272E9FCFD31}
		{332CB36A-82A0-43D9-A0DE-EB839623FA26} = {442F46C6-D19E-46C3-8B04-6272E9FCFD31}
		{7F15D8B5-7F25-4A9E-9DAC-16ABE615CD33} = {8C6978F6-7CD8-4EA8-93C0-D55CFBE66F89}
		{1B38E893-ECDA-4969-B94C-17559CB6D396} = {33B8EF6B-BB66-4133-9EFE-66F0535E2DB5}
	EndGlobalSection
EndGlobal
